PODS:
  - IBMWatsonRestKit (1.2.0)
  - IBMWatsonVisualRecognitionV3 (0.35.0):
    - IBMWatsonRestKit (= 1.2.0)

DEPENDENCIES:
  - IBMWatsonVisualRecognitionV3 (~> 0.35.0)

SPEC REPOS:
  https://github.com/cocoapods/specs.git:
    - IBMWatsonRestKit
    - IBMWatsonVisualRecognitionV3

SPEC CHECKSUMS:
  IBMWatsonRestKit: b05aa0aa912724accbf6ed9475654602886f0782
  IBMWatsonVisualRecognitionV3: ea6bfae0e9f06d26d940944a9872b0f56dc84e0e

PODFILE CHECKSUM: 75f4539ee740626e14b3ffcb1be5ec757b220f5f

COCOAPODS: 1.5.3
