// !$*UTF8*$!
{
	archiveVersion = 1;
	classes = {
	};
	objectVersion = 50;
	objects = {

/* Begin PBXBuildFile section */
		318371962171EC3D0049F813 /* AppDelegate.swift in Sources */ = {isa = PBXBuildFile; fileRef = 318371952171EC3D0049F813 /* AppDelegate.swift */; };
		318371982171EC3D0049F813 /* MainViewController.swift in Sources */ = {isa = PBXBuildFile; fileRef = 318371972171EC3D0049F813 /* MainViewController.swift */; };
		3183719B2171EC3D0049F813 /* Main.storyboard in Resources */ = {isa = PBXBuildFile; fileRef = 318371992171EC3D0049F813 /* Main.storyboard */; };
		3183719D2171EC3E0049F813 /* Assets.xcassets in Resources */ = {isa = PBXBuildFile; fileRef = 3183719C2171EC3E0049F813 /* Assets.xcassets */; };
		318371A02171EC3E0049F813 /* LaunchScreen.storyboard in Resources */ = {isa = PBXBuildFile; fileRef = 3183719E2171EC3E0049F813 /* LaunchScreen.storyboard */; };
		318371A8217201D90049F813 /* SubViewController.swift in Sources */ = {isa = PBXBuildFile; fileRef = 318371A7217201D90049F813 /* SubViewController.swift */; };
		318371AA217206CD0049F813 /* apikey.plist in Resources */ = {isa = PBXBuildFile; fileRef = 318371A9217206CD0049F813 /* apikey.plist */; };
		318371AC217207B40049F813 /* ResultTableViewCell.swift in Sources */ = {isa = PBXBuildFile; fileRef = 318371AB217207B40049F813 /* ResultTableViewCell.swift */; };
		318371AE2172083B0049F813 /* ApiService.swift in Sources */ = {isa = PBXBuildFile; fileRef = 318371AD2172083B0049F813 /* ApiService.swift */; };
		318371B0217208820049F813 /* FaceData.swift in Sources */ = {isa = PBXBuildFile; fileRef = 318371AF217208820049F813 /* FaceData.swift */; };
		318371B2217208D10049F813 /* Extension.swift in Sources */ = {isa = PBXBuildFile; fileRef = 318371B1217208D10049F813 /* Extension.swift */; };
		318371F021735BEE0049F813 /* RestKit.framework in Frameworks */ = {isa = PBXBuildFile; fileRef = 318371EF21735BEE0049F813 /* RestKit.framework */; };
		318371F221735BF30049F813 /* VisualRecognition.framework in Frameworks */ = {isa = PBXBuildFile; fileRef = 318371F121735BF30049F813 /* VisualRecognition.framework */; };
		7242AC31A94A1D49E94F9CBD /* Pods_WSFA.framework in Frameworks */ = {isa = PBXBuildFile; fileRef = 627F80A04C061FF9F520ACEB /* Pods_WSFA.framework */; };
/* End PBXBuildFile section */

/* Begin PBXFileReference section */
		291EA924FA411297D5173231 /* Pods-WSFA.debug.xcconfig */ = {isa = PBXFileReference; includeInIndex = 1; lastKnownFileType = text.xcconfig; name = "Pods-WSFA.debug.xcconfig"; path = "Pods/Target Support Files/Pods-WSFA/Pods-WSFA.debug.xcconfig"; sourceTree = "<group>"; };
		318371922171EC3D0049F813 /* WSFA.app */ = {isa = PBXFileReference; explicitFileType = wrapper.application; includeInIndex = 0; path = WSFA.app; sourceTree = BUILT_PRODUCTS_DIR; };
		318371952171EC3D0049F813 /* AppDelegate.swift */ = {isa = PBXFileReference; lastKnownFileType = sourcecode.swift; path = AppDelegate.swift; sourceTree = "<group>"; };
		318371972171EC3D0049F813 /* MainViewController.swift */ = {isa = PBXFileReference; lastKnownFileType = sourcecode.swift; path = MainViewController.swift; sourceTree = "<group>"; };
		3183719A2171EC3D0049F813 /* Base */ = {isa = PBXFileReference; lastKnownFileType = file.storyboard; name = Base; path = Base.lproj/Main.storyboard; sourceTree = "<group>"; };
		3183719C2171EC3E0049F813 /* Assets.xcassets */ = {isa = PBXFileReference; lastKnownFileType = folder.assetcatalog; path = Assets.xcassets; sourceTree = "<group>"; };
		3183719F2171EC3E0049F813 /* Base */ = {isa = PBXFileReference; lastKnownFileType = file.storyboard; name = Base; path = Base.lproj/LaunchScreen.storyboard; sourceTree = "<group>"; };
		318371A12171EC3E0049F813 /* Info.plist */ = {isa = PBXFileReference; lastKnownFileType = text.plist.xml; path = Info.plist; sourceTree = "<group>"; };
		318371A7217201D90049F813 /* SubViewController.swift */ = {isa = PBXFileReference; lastKnownFileType = sourcecode.swift; path = SubViewController.swift; sourceTree = "<group>"; };
		318371A9217206CD0049F813 /* apikey.plist */ = {isa = PBXFileReference; lastKnownFileType = text.plist; path = apikey.plist; sourceTree = "<group>"; };
		318371AB217207B40049F813 /* ResultTableViewCell.swift */ = {isa = PBXFileReference; lastKnownFileType = sourcecode.swift; path = ResultTableViewCell.swift; sourceTree = "<group>"; };
		318371AD2172083B0049F813 /* ApiService.swift */ = {isa = PBXFileReference; lastKnownFileType = sourcecode.swift; path = ApiService.swift; sourceTree = "<group>"; };
		318371AF217208820049F813 /* FaceData.swift */ = {isa = PBXFileReference; lastKnownFileType = sourcecode.swift; path = FaceData.swift; sourceTree = "<group>"; };
		318371B1217208D10049F813 /* Extension.swift */ = {isa = PBXFileReference; lastKnownFileType = sourcecode.swift; path = Extension.swift; sourceTree = "<group>"; };
		318371EF21735BEE0049F813 /* RestKit.framework */ = {isa = PBXFileReference; explicitFileType = wrapper.framework; path = RestKit.framework; sourceTree = BUILT_PRODUCTS_DIR; };
		318371F121735BF30049F813 /* VisualRecognition.framework */ = {isa = PBXFileReference; explicitFileType = wrapper.framework; path = VisualRecognition.framework; sourceTree = BUILT_PRODUCTS_DIR; };
		627F80A04C061FF9F520ACEB /* Pods_WSFA.framework */ = {isa = PBXFileReference; explicitFileType = wrapper.framework; includeInIndex = 0; path = Pods_WSFA.framework; sourceTree = BUILT_PRODUCTS_DIR; };
		62BBF060B2A5FA0D077D75F8 /* Pods-WSFA.release.xcconfig */ = {isa = PBXFileReference; includeInIndex = 1; lastKnownFileType = text.xcconfig; name = "Pods-WSFA.release.xcconfig"; path = "Pods/Target Support Files/Pods-WSFA/Pods-WSFA.release.xcconfig"; sourceTree = "<group>"; };
/* End PBXFileReference section */

/* Begin PBXFrameworksBuildPhase section */
		3183718F2171EC3D0049F813 /* Frameworks */ = {
			isa = PBXFrameworksBuildPhase;
			buildActionMask = 2147483647;
			files = (
				318371F221735BF30049F813 /* VisualRecognition.framework in Frameworks */,
				318371F021735BEE0049F813 /* RestKit.framework in Frameworks */,
				7242AC31A94A1D49E94F9CBD /* Pods_WSFA.framework in Frameworks */,
			);
			runOnlyForDeploymentPostprocessing = 0;
		};
/* End PBXFrameworksBuildPhase section */

/* Begin PBXGroup section */
		13051A55ED85D31A9A9EB931 /* Pods */ = {
			isa = PBXGroup;
			children = (
				291EA924FA411297D5173231 /* Pods-WSFA.debug.xcconfig */,
				62BBF060B2A5FA0D077D75F8 /* Pods-WSFA.release.xcconfig */,
			);
			name = Pods;
			sourceTree = "<group>";
		};
		318371892171EC3D0049F813 = {
			isa = PBXGroup;
			children = (
				318371942171EC3D0049F813 /* WSFA */,
				318371932171EC3D0049F813 /* Products */,
				13051A55ED85D31A9A9EB931 /* Pods */,
				AC5D8257691ABCEE95E18D7A /* Frameworks */,
			);
			sourceTree = "<group>";
		};
		318371932171EC3D0049F813 /* Products */ = {
			isa = PBXGroup;
			children = (
				318371922171EC3D0049F813 /* WSFA.app */,
			);
			name = Products;
			sourceTree = "<group>";
		};
		318371942171EC3D0049F813 /* WSFA */ = {
			isa = PBXGroup;
			children = (
				318371952171EC3D0049F813 /* AppDelegate.swift */,
				318371992171EC3D0049F813 /* Main.storyboard */,
				318371972171EC3D0049F813 /* MainViewController.swift */,
				318371A7217201D90049F813 /* SubViewController.swift */,
				318371AB217207B40049F813 /* ResultTableViewCell.swift */,
				318371AD2172083B0049F813 /* ApiService.swift */,
				318371AF217208820049F813 /* FaceData.swift */,
				318371B1217208D10049F813 /* Extension.swift */,
				3183719C2171EC3E0049F813 /* Assets.xcassets */,
				3183719E2171EC3E0049F813 /* LaunchScreen.storyboard */,
				318371A12171EC3E0049F813 /* Info.plist */,
				318371A9217206CD0049F813 /* apikey.plist */,
			);
			path = WSFA;
			sourceTree = "<group>";
		};
		AC5D8257691ABCEE95E18D7A /* Frameworks */ = {
			isa = PBXGroup;
			children = (
				318371F121735BF30049F813 /* VisualRecognition.framework */,
				318371EF21735BEE0049F813 /* RestKit.framework */,
				627F80A04C061FF9F520ACEB /* Pods_WSFA.framework */,
			);
			name = Frameworks;
			sourceTree = "<group>";
		};
/* End PBXGroup section */

/* Begin PBXNativeTarget section */
		318371912171EC3D0049F813 /* WSFA */ = {
			isa = PBXNativeTarget;
			buildConfigurationList = 318371A42171EC3E0049F813 /* Build configuration list for PBXNativeTarget "WSFA" */;
			buildPhases = (
				00B44632BA3FBB10B6F2F656 /* [CP] Check Pods Manifest.lock */,
				3183718E2171EC3D0049F813 /* Sources */,
				3183718F2171EC3D0049F813 /* Frameworks */,
				318371902171EC3D0049F813 /* Resources */,
				F35FA7659AAB17AEEF933FD5 /* [CP] Embed Pods Frameworks */,
			);
			buildRules = (
			);
			dependencies = (
			);
			name = WSFA;
			productName = WSFA;
			productReference = 318371922171EC3D0049F813 /* WSFA.app */;
			productType = "com.apple.product-type.application";
		};
/* End PBXNativeTarget section */

/* Begin PBXProject section */
		3183718A2171EC3D0049F813 /* Project object */ = {
			isa = PBXProject;
			attributes = {
				LastSwiftUpdateCheck = 0940;
				LastUpgradeCheck = 0940;
				ORGANIZATIONNAME = "高野翔";
				TargetAttributes = {
					318371912171EC3D0049F813 = {
						CreatedOnToolsVersion = 9.4.1;
					};
				};
			};
			buildConfigurationList = 3183718D2171EC3D0049F813 /* Build configuration list for PBXProject "WSFA" */;
			compatibilityVersion = "Xcode 9.3";
			developmentRegion = en;
			hasScannedForEncodings = 0;
			knownRegions = (
				en,
				Base,
			);
			mainGroup = 318371892171EC3D0049F813;
			productRefGroup = 318371932171EC3D0049F813 /* Products */;
			projectDirPath = "";
			projectRoot = "";
			targets = (
				318371912171EC3D0049F813 /* WSFA */,
			);
		};
/* End PBXProject section */

/* Begin PBXResourcesBuildPhase section */
		318371902171EC3D0049F813 /* Resources */ = {
			isa = PBXResourcesBuildPhase;
			buildActionMask = 2147483647;
			files = (
				318371A02171EC3E0049F813 /* LaunchScreen.storyboard in Resources */,
				318371AA217206CD0049F813 /* apikey.plist in Resources */,
				3183719D2171EC3E0049F813 /* Assets.xcassets in Resources */,
				3183719B2171EC3D0049F813 /* Main.storyboard in Resources */,
			);
			runOnlyForDeploymentPostprocessing = 0;
		};
/* End PBXResourcesBuildPhase section */

/* Begin PBXShellScriptBuildPhase section */
		00B44632BA3FBB10B6F2F656 /* [CP] Check Pods Manifest.lock */ = {
			isa = PBXShellScriptBuildPhase;
			buildActionMask = 2147483647;
			files = (
			);
			inputPaths = (
				"${PODS_PODFILE_DIR_PATH}/Podfile.lock",
				"${PODS_ROOT}/Manifest.lock",
			);
			name = "[CP] Check Pods Manifest.lock";
			outputPaths = (
				"$(DERIVED_FILE_DIR)/Pods-WSFA-checkManifestLockResult.txt",
			);
			runOnlyForDeploymentPostprocessing = 0;
			shellPath = /bin/sh;
			shellScript = "diff \"${PODS_PODFILE_DIR_PATH}/Podfile.lock\" \"${PODS_ROOT}/Manifest.lock\" > /dev/null\nif [ $? != 0 ] ; then\n    # print error to STDERR\n    echo \"error: The sandbox is not in sync with the Podfile.lock. Run 'pod install' or update your CocoaPods installation.\" >&2\n    exit 1\nfi\n# This output is used by Xcode 'outputs' to avoid re-running this script phase.\necho \"SUCCESS\" > \"${SCRIPT_OUTPUT_FILE_0}\"\n";
			showEnvVarsInLog = 0;
		};
		F35FA7659AAB17AEEF933FD5 /* [CP] Embed Pods Frameworks */ = {
			isa = PBXShellScriptBuildPhase;
			buildActionMask = 2147483647;
			files = (
			);
			inputPaths = (
				"${SRCROOT}/Pods/Target Support Files/Pods-WSFA/Pods-WSFA-frameworks.sh",
				"${BUILT_PRODUCTS_DIR}/IBMWatsonRestKit/RestKit.framework",
				"${BUILT_PRODUCTS_DIR}/IBMWatsonVisualRecognitionV3/VisualRecognition.framework",
			);
			name = "[CP] Embed Pods Frameworks";
			outputPaths = (
				"${TARGET_BUILD_DIR}/${FRAMEWORKS_FOLDER_PATH}/RestKit.framework",
				"${TARGET_BUILD_DIR}/${FRAMEWORKS_FOLDER_PATH}/VisualRecognition.framework",
			);
			runOnlyForDeploymentPostprocessing = 0;
			shellPath = /bin/sh;
			shellScript = "\"${SRCROOT}/Pods/Target Support Files/Pods-WSFA/Pods-WSFA-frameworks.sh\"\n";
			showEnvVarsInLog = 0;
		};
/* End PBXShellScriptBuildPhase section */

/* Begin PBXSourcesBuildPhase section */
		3183718E2171EC3D0049F813 /* Sources */ = {
			isa = PBXSourcesBuildPhase;
			buildActionMask = 2147483647;
			files = (
				318371A8217201D90049F813 /* SubViewController.swift in Sources */,
				318371AE2172083B0049F813 /* ApiService.swift in Sources */,
				318371B2217208D10049F813 /* Extension.swift in Sources */,
				318371982171EC3D0049F813 /* MainViewController.swift in Sources */,
				318371AC217207B40049F813 /* ResultTableViewCell.swift in Sources */,
				318371B0217208820049F813 /* FaceData.swift in Sources */,
				318371962171EC3D0049F813 /* AppDelegate.swift in Sources */,
			);
			runOnlyForDeploymentPostprocessing = 0;
		};
/* End PBXSourcesBuildPhase section */

/* Begin PBXVariantGroup section */
		318371992171EC3D0049F813 /* Main.storyboard */ = {
			isa = PBXVariantGroup;
			children = (
				3183719A2171EC3D0049F813 /* Base */,
			);
			name = Main.storyboard;
			sourceTree = "<group>";
		};
		3183719E2171EC3E0049F813 /* LaunchScreen.storyboard */ = {
			isa = PBXVariantGroup;
			children = (
				3183719F2171EC3E0049F813 /* Base */,
			);
			name = LaunchScreen.storyboard;
			sourceTree = "<group>";
		};
/* End PBXVariantGroup section */

/* Begin XCBuildConfiguration section */
		318371A22171EC3E0049F813 /* Debug */ = {
			isa = XCBuildConfiguration;
			buildSettings = {
				ALWAYS_SEARCH_USER_PATHS = NO;
				CLANG_ANALYZER_NONNULL = YES;
				CLANG_ANALYZER_NUMBER_OBJECT_CONVERSION = YES_AGGRESSIVE;
				CLANG_CXX_LANGUAGE_STANDARD = "gnu++14";
				CLANG_CXX_LIBRARY = "libc++";
				CLANG_ENABLE_MODULES = YES;
				CLANG_ENABLE_OBJC_ARC = YES;
				CLANG_ENABLE_OBJC_WEAK = YES;
				CLANG_WARN_BLOCK_CAPTURE_AUTORELEASING = YES;
				CLANG_WARN_BOOL_CONVERSION = YES;
				CLANG_WARN_COMMA = YES;
				CLANG_WARN_CONSTANT_CONVERSION = YES;
				CLANG_WARN_DEPRECATED_OBJC_IMPLEMENTATIONS = YES;
				CLANG_WARN_DIRECT_OBJC_ISA_USAGE = YES_ERROR;
				CLANG_WARN_DOCUMENTATION_COMMENTS = YES;
				CLANG_WARN_EMPTY_BODY = YES;
				CLANG_WARN_ENUM_CONVERSION = YES;
				CLANG_WARN_INFINITE_RECURSION = YES;
				CLANG_WARN_INT_CONVERSION = YES;
				CLANG_WARN_NON_LITERAL_NULL_CONVERSION = YES;
				CLANG_WARN_OBJC_IMPLICIT_RETAIN_SELF = YES;
				CLANG_WARN_OBJC_LITERAL_CONVERSION = YES;
				CLANG_WARN_OBJC_ROOT_CLASS = YES_ERROR;
				CLANG_WARN_RANGE_LOOP_ANALYSIS = YES;
				CLANG_WARN_STRICT_PROTOTYPES = YES;
				CLANG_WARN_SUSPICIOUS_MOVE = YES;
				CLANG_WARN_UNGUARDED_AVAILABILITY = YES_AGGRESSIVE;
				CLANG_WARN_UNREACHABLE_CODE = YES;
				CLANG_WARN__DUPLICATE_METHOD_MATCH = YES;
				CODE_SIGN_IDENTITY = "iPhone Developer";
				COPY_PHASE_STRIP = NO;
				DEBUG_INFORMATION_FORMAT = dwarf;
				ENABLE_STRICT_OBJC_MSGSEND = YES;
				ENABLE_TESTABILITY = YES;
				GCC_C_LANGUAGE_STANDARD = gnu11;
				GCC_DYNAMIC_NO_PIC = NO;
				GCC_NO_COMMON_BLOCKS = YES;
				GCC_OPTIMIZATION_LEVEL = 0;
				GCC_PREPROCESSOR_DEFINITIONS = (
					"DEBUG=1",
					"$(inherited)",
				);
				GCC_WARN_64_TO_32_BIT_CONVERSION = YES;
				GCC_WARN_ABOUT_RETURN_TYPE = YES_ERROR;
				GCC_WARN_UNDECLARED_SELECTOR = YES;
				GCC_WARN_UNINITIALIZED_AUTOS = YES_AGGRESSIVE;
				GCC_WARN_UNUSED_FUNCTION = YES;
				GCC_WARN_UNUSED_VARIABLE = YES;
				IPHONEOS_DEPLOYMENT_TARGET = 11.4;
				MTL_ENABLE_DEBUG_INFO = YES;
				ONLY_ACTIVE_ARCH = YES;
				SDKROOT = iphoneos;
				SWIFT_ACTIVE_COMPILATION_CONDITIONS = DEBUG;
				SWIFT_OPTIMIZATION_LEVEL = "-Onone";
			};
			name = Debug;
		};
		318371A32171EC3E0049F813 /* Release */ = {
			isa = XCBuildConfiguration;
			buildSettings = {
				ALWAYS_SEARCH_USER_PATHS = NO;
				CLANG_ANALYZER_NONNULL = YES;
				CLANG_ANALYZER_NUMBER_OBJECT_CONVERSION = YES_AGGRESSIVE;
				CLANG_CXX_LANGUAGE_STANDARD = "gnu++14";
				CLANG_CXX_LIBRARY = "libc++";
				CLANG_ENABLE_MODULES = YES;
				CLANG_ENABLE_OBJC_ARC = YES;
				CLANG_ENABLE_OBJC_WEAK = YES;
				CLANG_WARN_BLOCK_CAPTURE_AUTORELEASING = YES;
				CLANG_WARN_BOOL_CONVERSION = YES;
				CLANG_WARN_COMMA = YES;
				CLANG_WARN_CONSTANT_CONVERSION = YES;
				CLANG_WARN_DEPRECATED_OBJC_IMPLEMENTATIONS = YES;
				CLANG_WARN_DIRECT_OBJC_ISA_USAGE = YES_ERROR;
				CLANG_WARN_DOCUMENTATION_COMMENTS = YES;
				CLANG_WARN_EMPTY_BODY = YES;
				CLANG_WARN_ENUM_CONVERSION = YES;
				CLANG_WARN_INFINITE_RECURSION = YES;
				CLANG_WARN_INT_CONVERSION = YES;
				CLANG_WARN_NON_LITERAL_NULL_CONVERSION = YES;
				CLANG_WARN_OBJC_IMPLICIT_RETAIN_SELF = YES;
				CLANG_WARN_OBJC_LITERAL_CONVERSION = YES;
				CLANG_WARN_OBJC_ROOT_CLASS = YES_ERROR;
				CLANG_WARN_RANGE_LOOP_ANALYSIS = YES;
				CLANG_WARN_STRICT_PROTOTYPES = YES;
				CLANG_WARN_SUSPICIOUS_MOVE = YES;
				CLANG_WARN_UNGUARDED_AVAILABILITY = YES_AGGRESSIVE;
				CLANG_WARN_UNREACHABLE_CODE = YES;
				CLANG_WARN__DUPLICATE_METHOD_MATCH = YES;
				CODE_SIGN_IDENTITY = "iPhone Developer";
				COPY_PHASE_STRIP = NO;
				DEBUG_INFORMATION_FORMAT = "dwarf-with-dsym";
				ENABLE_NS_ASSERTIONS = NO;
				ENABLE_STRICT_OBJC_MSGSEND = YES;
				GCC_C_LANGUAGE_STANDARD = gnu11;
				GCC_NO_COMMON_BLOCKS = YES;
				GCC_WARN_64_TO_32_BIT_CONVERSION = YES;
				GCC_WARN_ABOUT_RETURN_TYPE = YES_ERROR;
				GCC_WARN_UNDECLARED_SELECTOR = YES;
				GCC_WARN_UNINITIALIZED_AUTOS = YES_AGGRESSIVE;
				GCC_WARN_UNUSED_FUNCTION = YES;
				GCC_WARN_UNUSED_VARIABLE = YES;
				IPHONEOS_DEPLOYMENT_TARGET = 11.4;
				MTL_ENABLE_DEBUG_INFO = NO;
				SDKROOT = iphoneos;
				SWIFT_COMPILATION_MODE = wholemodule;
				SWIFT_OPTIMIZATION_LEVEL = "-O";
				VALIDATE_PRODUCT = YES;
			};
			name = Release;
		};
		318371A52171EC3E0049F813 /* Debug */ = {
			isa = XCBuildConfiguration;
			baseConfigurationReference = 291EA924FA411297D5173231 /* Pods-WSFA.debug.xcconfig */;
			buildSettings = {
				ASSETCATALOG_COMPILER_APPICON_NAME = AppIcon;
				CODE_SIGN_STYLE = Automatic;
				DEVELOPMENT_TEAM = 75X3T7895K;
				INFOPLIST_FILE = WSFA/Info.plist;
				LD_RUNPATH_SEARCH_PATHS = (
					"$(inherited)",
					"@executable_path/Frameworks",
				);
				PRODUCT_BUNDLE_IDENTIFIER = ST.WSFA;
				PRODUCT_NAME = "$(TARGET_NAME)";
				SWIFT_VERSION = 4.0;
				TARGETED_DEVICE_FAMILY = 1;
			};
			name = Debug;
		};
		318371A62171EC3E0049F813 /* Release */ = {
			isa = XCBuildConfiguration;
			baseConfigurationReference = 62BBF060B2A5FA0D077D75F8 /* Pods-WSFA.release.xcconfig */;
			buildSettings = {
				ASSETCATALOG_COMPILER_APPICON_NAME = AppIcon;
				CODE_SIGN_STYLE = Automatic;
				DEVELOPMENT_TEAM = 75X3T7895K;
				INFOPLIST_FILE = WSFA/Info.plist;
				LD_RUNPATH_SEARCH_PATHS = (
					"$(inherited)",
					"@executable_path/Frameworks",
				);
				PRODUCT_BUNDLE_IDENTIFIER = ST.WSFA;
				PRODUCT_NAME = "$(TARGET_NAME)";
				SWIFT_VERSION = 4.0;
				TARGETED_DEVICE_FAMILY = 1;
			};
			name = Release;
		};
/* End XCBuildConfiguration section */

/* Begin XCConfigurationList section */
		3183718D2171EC3D0049F813 /* Build configuration list for PBXProject "WSFA" */ = {
			isa = XCConfigurationList;
			buildConfigurations = (
				318371A22171EC3E0049F813 /* Debug */,
				318371A32171EC3E0049F813 /* Release */,
			);
			defaultConfigurationIsVisible = 0;
			defaultConfigurationName = Release;
		};
		318371A42171EC3E0049F813 /* Build configuration list for PBXNativeTarget "WSFA" */ = {
			isa = XCConfigurationList;
			buildConfigurations = (
				318371A52171EC3E0049F813 /* Debug */,
				318371A62171EC3E0049F813 /* Release */,
			);
			defaultConfigurationIsVisible = 0;
			defaultConfigurationName = Release;
		};
/* End XCConfigurationList section */
	};
	rootObject = 3183718A2171EC3D0049F813 /* Project object */;
}
